
Microsoft Visual Studio Solution File, Format Version 12.00
# Visual Studio Version 17
VisualStudioVersion = 17.14.36109.1 d17.14
MinimumVisualStudioVersion = 10.0.40219.1
Project("{FAE04EC0-301F-11D3-BF4B-00C04F79EFBC}") = "Calculadora de conversiones de Bases", "Calculadora de conversiones de Bases.csproj", "{DDC9FC7F-EF33-4903-80BB-B3EE4A06F511}"
EndProject
Global
	GlobalSection(SolutionConfigurationPlatforms) = preSolution
		Debug|Any CPU = Debug|Any CPU
		Release|Any CPU = Release|Any CPU
	EndGlobalSection
	GlobalSection(ProjectConfigurationPlatforms) = postSolution
		{DDC9FC7F-EF33-4903-80BB-B3EE4A06F511}.Debug|Any CPU.ActiveCfg = Debug|Any CPU
		{DDC9FC7F-EF33-4903-80BB-B3EE4A06F511}.Debug|Any CPU.Build.0 = Debug|Any CPU
		{DDC9FC7F-EF33-4903-80BB-B3EE4A06F511}.Release|Any CPU.ActiveCfg = Release|Any CPU
		{DDC9FC7F-EF33-4903-80BB-B3EE4A06F511}.Release|Any CPU.Build.0 = Release|Any CPU
	EndGlobalSection
	GlobalSection(SolutionProperties) = preSolution
		HideSolutionNode = FALSE
	EndGlobalSection
	GlobalSection(ExtensibilityGlobals) = postSolution
		SolutionGuid = {5E172ADA-8E04-40C9-8104-92F760F5FE93}
	EndGlobalSection
EndGlobal
